<?xml version="1.0" encoding="utf-8"?>
<Project ToolsVersion="4.0" xmlns="http://schemas.microsoft.com/developer/msbuild/2003">
  <ItemGroup>
    <ClCompile Include="Address.cpp" />
    <ClCompile Include="Contact.cpp" />
    <ClCompile Include="Name.cpp" />
    <ClCompile Include="new_addrtest.cpp" />
    <ClCompile Include="Field.cpp" />
    <ClCompile Include="Categorized_Contact.cpp" />
    <ClCompile Include="htmlfunc.cpp" />
    <ClCompile Include="BinaryTree.cpp" />
    <ClCompile Include="BinaryNode.cpp" />
  </ItemGroup>
  <ItemGroup>
    <ClInclude Include="Address.h" />
    <ClInclude Include="Contact.h" />
    <ClInclude Include="Name.h" />
    <ClInclude Include="Field.h" />
    <ClInclude Include="Categorized_Contact.h" />
    <ClInclude Include="BinaryTree.h" />
    <ClInclude Include="htmlfunc.h" />
    <ClInclude Include="BinaryNode.h" />
  </ItemGroup>
</Project>